
Microsoft Visual Studio Solution File, Format Version 12.00
# Visual Studio 15
VisualStudioVersion = 15.0.27130.2010
MinimumVisualStudioVersion = 10.0.40219.1
Project("{8BC9CEB8-8B4A-11D0-8D11-00A0C91BC942}") = "resampler", "resampler\resampler.vcxproj", "{7E81B3BE-C3A3-46DB-A020-C8194367CE0F}"
EndProject
Project("{2150E333-8FDC-42A3-9474-1A3956D46DE8}") = "Solution Items", "Solution Items", "{DB384302-827F-485F-84A1-432747BA861A}"
	ProjectSection(SolutionItems) = preProject
		Performance1.psess = Performance1.psess
	EndProjectSection
EndProject
Global
	GlobalSection(SolutionConfigurationPlatforms) = preSolution
		Debug|Win32 = Debug|Win32
		Release|Win32 = Release|Win32
	EndGlobalSection
	GlobalSection(ProjectConfigurationPlatforms) = postSolution
		{7E81B3BE-C3A3-46DB-A020-C8194367CE0F}.Debug|Win32.ActiveCfg = Debug|Win32
		{7E81B3BE-C3A3-46DB-A020-C8194367CE0F}.Debug|Win32.Build.0 = Debug|Win32
		{7E81B3BE-C3A3-46DB-A020-C8194367CE0F}.Release|Win32.ActiveCfg = Release|Win32
		{7E81B3BE-C3A3-46DB-A020-C8194367CE0F}.Release|Win32.Build.0 = Release|Win32
	EndGlobalSection
	GlobalSection(SolutionProperties) = preSolution
		HideSolutionNode = FALSE
	EndGlobalSection
	GlobalSection(ExtensibilityGlobals) = postSolution
		SolutionGuid = {6044A9B5-7CFB-4C66-8812-1D4CBECB9415}
	EndGlobalSection
EndGlobal
